Microsoft Visual Studio Solution File, Format Version 12.00
# Visual Studio Version 17
VisualStudioVersion = 17.5.2.0
MinimumVisualStudioVersion = 10.0.40219.1
Project("{FAE04EC0-301F-11D3-BF4B-00C04F79EFBC}") = "AmrStatsWin", "AmrStatsWin\AmrStatsWin.csproj", "{6A4E0FB2-3C20-7AAA-E04C-36F9B4E1ADCD}"
EndProject
Global
	GlobalSection(SolutionConfigurationPlatforms) = preSolution
		Debug|Any CPU = Debug|Any CPU
		Release|Any CPU = Release|Any CPU
	EndGlobalSection
	GlobalSection(ProjectConfigurationPlatforms) = postSolution
		{6A4E0FB2-3C20-7AAA-E04C-36F9B4E1ADCD}.Debug|Any CPU.ActiveCfg = Debug|Any CPU
		{6A4E0FB2-3C20-7AAA-E04C-36F9B4E1ADCD}.Debug|Any CPU.Build.0 = Debug|Any CPU
		{6A4E0FB2-3C20-7AAA-E04C-36F9B4E1ADCD}.Release|Any CPU.ActiveCfg = Release|Any CPU
		{6A4E0FB2-3C20-7AAA-E04C-36F9B4E1ADCD}.Release|Any CPU.Build.0 = Release|Any CPU
	EndGlobalSection
	GlobalSection(SolutionProperties) = preSolution
		HideSolutionNode = FALSE
	EndGlobalSection
	GlobalSection(ExtensibilityGlobals) = postSolution
		SolutionGuid = {C882D7F1-72AE-4ABB-8475-CAC0C95A3510}
	EndGlobalSection
EndGlobal
